
Microsoft Visual Studio Solution File, Format Version 12.00
# Visual Studio Version 17
VisualStudioVersion = 17.4.33213.308
MinimumVisualStudioVersion = 10.0.40219.1
Project("{FAE04EC0-301F-11D3-BF4B-00C04F79EFBC}") = "myNewCar", "myNewCar.csproj", "{23211D32-B934-4E61-BCE1-D20B8B8C51BD}"
EndProject
Global
	GlobalSection(SolutionConfigurationPlatforms) = preSolution
		Debug|Any CPU = Debug|Any CPU
		Release|Any CPU = Release|Any CPU
	EndGlobalSection
	GlobalSection(ProjectConfigurationPlatforms) = postSolution
		{23211D32-B934-4E61-BCE1-D20B8B8C51BD}.Debug|Any CPU.ActiveCfg = Debug|Any CPU
		{23211D32-B934-4E61-BCE1-D20B8B8C51BD}.Debug|Any CPU.Build.0 = Debug|Any CPU
		{23211D32-B934-4E61-BCE1-D20B8B8C51BD}.Release|Any CPU.ActiveCfg = Release|Any CPU
		{23211D32-B934-4E61-BCE1-D20B8B8C51BD}.Release|Any CPU.Build.0 = Release|Any CPU
	EndGlobalSection
	GlobalSection(SolutionProperties) = preSolution
		HideSolutionNode = FALSE
	EndGlobalSection
	GlobalSection(ExtensibilityGlobals) = postSolution
		SolutionGuid = {15EB2BAB-0C27-43A7-94B4-18682C508FD3}
	EndGlobalSection
EndGlobal
